
Microsoft Visual Studio Solution File, Format Version 12.00
# Visual Studio Version 17
VisualStudioVersion = 17.14.36203.30 d17.14
MinimumVisualStudioVersion = 10.0.40219.1
Project("{FAE04EC0-301F-11D3-BF4B-00C04F79EFBC}") = "ProjetoLoja", "ProjetoLoja\ProjetoLoja.csproj", "{60511E4D-A0E9-4AA9-B695-A398F8CF323D}"
EndProject
Global
	GlobalSection(SolutionConfigurationPlatforms) = preSolution
		Debug|Any CPU = Debug|Any CPU
		Release|Any CPU = Release|Any CPU
	EndGlobalSection
	GlobalSection(ProjectConfigurationPlatforms) = postSolution
		{60511E4D-A0E9-4AA9-B695-A398F8CF323D}.Debug|Any CPU.ActiveCfg = Debug|Any CPU
		{60511E4D-A0E9-4AA9-B695-A398F8CF323D}.Debug|Any CPU.Build.0 = Debug|Any CPU
		{60511E4D-A0E9-4AA9-B695-A398F8CF323D}.Release|Any CPU.ActiveCfg = Release|Any CPU
		{60511E4D-A0E9-4AA9-B695-A398F8CF323D}.Release|Any CPU.Build.0 = Release|Any CPU
	EndGlobalSection
	GlobalSection(SolutionProperties) = preSolution
		HideSolutionNode = FALSE
	EndGlobalSection
	GlobalSection(ExtensibilityGlobals) = postSolution
		SolutionGuid = {82299324-9919-4F56-8148-4827C101267C}
	EndGlobalSection
EndGlobal
